
Microsoft Visual Studio Solution File, Format Version 12.00
# Visual Studio Version 16
VisualStudioVersion = 16.0.33529.622
MinimumVisualStudioVersion = 10.0.40219.1
Project("{FAE04EC0-301F-11D3-BF4B-00C04F79EFBC}") = "Dashboard", "Dashboard\Dashboard.csproj", "{BED399D1-229F-4A37-AFEA-F62D2B06357B}"
EndProject
Global
	GlobalSection(SolutionConfigurationPlatforms) = preSolution
		Debug|Any CPU = Debug|Any CPU
		Release|Any CPU = Release|Any CPU
	EndGlobalSection
	GlobalSection(ProjectConfigurationPlatforms) = postSolution
		{BED399D1-229F-4A37-AFEA-F62D2B06357B}.Debug|Any CPU.ActiveCfg = Debug|Any CPU
		{BED399D1-229F-4A37-AFEA-F62D2B06357B}.Debug|Any CPU.Build.0 = Debug|Any CPU
		{BED399D1-229F-4A37-AFEA-F62D2B06357B}.Release|Any CPU.ActiveCfg = Release|Any CPU
		{BED399D1-229F-4A37-AFEA-F62D2B06357B}.Release|Any CPU.Build.0 = Release|Any CPU
	EndGlobalSection
	GlobalSection(SolutionProperties) = preSolution
		HideSolutionNode = FALSE
	EndGlobalSection
	GlobalSection(ExtensibilityGlobals) = postSolution
		SolutionGuid = {E8C64B36-25D1-4884-9CF9-FF107A3BC317}
	EndGlobalSection
EndGlobal
